{
  "version": 4,
  "terraform_version": "1.5.7",
  "serial": 7,
  "lineage": "1370362a-947b-abf3-e1bd-670502d0c7fb",
  "outputs": {
    "instance_public_ip": {
      "value": "\n  to connect to node-red server \n  http://130.61.111.123:1880\n  \n  to connect to the database \n\n  ssh -i server.key opc@130.61.111.123\n\n  sudo su - oracle \n\n  #set the environment variables \n  export ORACLE_SID=FREE \n  export ORAENV_ASK=NO \n  . /opt/oracle/product/23ai/dbhomeFree/bin/oraenv\n  cd $ORACLE_HOME/bin\n  lsnrctl status\n  ./sqlplus / as sysdba\n\n\n",
      "type": "string"
    }
  },
  "resources": [
    {
      "mode": "data",
      "type": "oci_core_images",
      "name": "images",
      "provider": "provider[\"registry.terraform.io/hashicorp/oci\"]",
      "instances": [
        {
          "schema_version": 0,
          "attributes": {
            "compartment_id": "ocid1.compartment.oc1..aaaaaaaaylrxjxym6nuozploeoi6q7fsmgm2wjfmhtksvkzcyy7ou7qzgdja",
            "display_name": null,
            "filter": null,
            "id": "CoreImagesDataSource-3404584691",
            "images": [
              {
                "agent_features": [],
                "base_image_id": "",
                "billable_size_in_gbs": "6",
                "compartment_id": "",
                "create_image_allowed": true,
                "defined_tags": {},
                "display_name": "Oracle-Linux-8.10-2024.09.30-0",
                "freeform_tags": {},
                "id": "ocid1.image.oc1.eu-frankfurt-1.aaaaaaaamcgmhtrrwsnum6ardettcyi7f73c4bg6svoshhgtnufkprqm2xyq",
                "image_source_details": [],
                "instance_id": "",
                "launch_mode": "NATIVE",
                "launch_options": [
                  {
                    "boot_volume_type": "PARAVIRTUALIZED",
                    "firmware": "UEFI_64",
                    "is_consistent_volume_naming_enabled": true,
                    "is_pv_encryption_in_transit_enabled": true,
                    "network_type": "PARAVIRTUALIZED",
                    "remote_data_volume_type": "PARAVIRTUALIZED"
                  }
                ],
                "listing_type": "",
                "operating_system": "Oracle Linux",
                "operating_system_version": "8",
                "size_in_mbs": "47719",
                "state": "AVAILABLE",
                "time_created": "2024-10-12 04:34:23.29 +0000 UTC"
              },
              {
                "agent_features": [],
                "base_image_id": "",
                "billable_size_in_gbs": "6",
                "compartment_id": "",
                "create_image_allowed": true,
                "defined_tags": {},
                "display_name": "Oracle-Linux-8.10-2024.08.29-0",
                "freeform_tags": {},
                "id": "ocid1.image.oc1.eu-frankfurt-1.aaaaaaaax3dctfa77oij464ithgzmni3bskmr2lsbvp7jeul46k636axvhnq",
                "image_source_details": [],
                "instance_id": "",
                "launch_mode": "NATIVE",
                "launch_options": [
                  {
                    "boot_volume_type": "PARAVIRTUALIZED",
                    "firmware": "UEFI_64",
                    "is_consistent_volume_naming_enabled": true,
                    "is_pv_encryption_in_transit_enabled": true,
                    "network_type": "PARAVIRTUALIZED",
                    "remote_data_volume_type": "PARAVIRTUALIZED"
                  }
                ],
                "listing_type": "",
                "operating_system": "Oracle Linux",
                "operating_system_version": "8",
                "size_in_mbs": "47719",
                "state": "AVAILABLE",
                "time_created": "2024-09-18 10:44:10.977 +0000 UTC"
              },
              {
                "agent_features": [],
                "base_image_id": "",
                "billable_size_in_gbs": "6",
                "compartment_id": "",
                "create_image_allowed": true,
                "defined_tags": {},
                "display_name": "Oracle-Linux-8.10-2024.07.31-0",
                "freeform_tags": {},
                "id": "ocid1.image.oc1.eu-frankfurt-1.aaaaaaaabphayyu45nvo4ozbbv4sf6akf5comjdjfxjvh5aymyukiwe7hueq",
                "image_source_details": [],
                "instance_id": "",
                "launch_mode": "NATIVE",
                "launch_options": [
                  {
                    "boot_volume_type": "PARAVIRTUALIZED",
                    "firmware": "UEFI_64",
                    "is_consistent_volume_naming_enabled": true,
                    "is_pv_encryption_in_transit_enabled": true,
                    "network_type": "PARAVIRTUALIZED",
                    "remote_data_volume_type": "PARAVIRTUALIZED"
                  }
                ],
                "listing_type": "",
                "operating_system": "Oracle Linux",
                "operating_system_version": "8",
                "size_in_mbs": "47719",
                "state": "AVAILABLE",
                "time_created": "2024-08-16 18:36:08.389 +0000 UTC"
              }
            ],
            "operating_system": "Oracle Linux",
            "operating_system_version": "8",
            "shape": "VM.Standard.E4.Flex",
            "sort_by": null,
            "sort_order": null,
            "state": null
          },
          "sensitive_attributes": []
        }
      ]
    },
    {
      "mode": "data",
      "type": "oci_identity_availability_domains",
      "name": "ADs",
      "provider": "provider[\"registry.terraform.io/hashicorp/oci\"]",
      "instances": [
        {
          "schema_version": 0,
          "attributes": {
            "availability_domains": [
              {
                "compartment_id": "ocid1.compartment.oc1..aaaaaaaaylrxjxym6nuozploeoi6q7fsmgm2wjfmhtksvkzcyy7ou7qzgdja",
                "id": "ocid1.availabilitydomain.oc1..aaaaaaaaiifj24st3w4j7cowuo3pmqcuqwjapjv435vtjmgh5j7q3flguwna",
                "name": "fttO:EU-FRANKFURT-1-AD-1"
              },
              {
                "compartment_id": "ocid1.compartment.oc1..aaaaaaaaylrxjxym6nuozploeoi6q7fsmgm2wjfmhtksvkzcyy7ou7qzgdja",
                "id": "ocid1.availabilitydomain.oc1..aaaaaaaaa2artt5wizbqvwl3rgptylx2l7jqbnyv4dygcfvlrd3dphvi3mdq",
                "name": "fttO:EU-FRANKFURT-1-AD-2"
              },
              {
                "compartment_id": "ocid1.compartment.oc1..aaaaaaaaylrxjxym6nuozploeoi6q7fsmgm2wjfmhtksvkzcyy7ou7qzgdja",
                "id": "ocid1.availabilitydomain.oc1..aaaaaaaalcdcbl7u6akbmkojxhrozpj2v7yavqqydkj3ytyjbt47lnoqnm2q",
                "name": "fttO:EU-FRANKFURT-1-AD-3"
              }
            ],
            "compartment_id": "ocid1.compartment.oc1..aaaaaaaaylrxjxym6nuozploeoi6q7fsmgm2wjfmhtksvkzcyy7ou7qzgdja",
            "filter": null,
            "id": "IdentityAvailabilityDomainsDataSource-87049313"
          },
          "sensitive_attributes": []
        }
      ]
    },
    {
      "mode": "managed",
      "type": "oci_core_instance",
      "name": "instance",
      "provider": "provider[\"registry.terraform.io/hashicorp/oci\"]",
      "instances": [
        {
          "schema_version": 0,
          "attributes": {
            "agent_config": [
              {
                "are_all_plugins_disabled": false,
                "is_management_disabled": false,
                "is_monitoring_disabled": false,
                "plugins_config": []
              }
            ],
            "async": null,
            "availability_config": [
              {
                "is_live_migration_preferred": false,
                "recovery_action": "RESTORE_INSTANCE"
              }
            ],
            "availability_domain": "fttO:EU-FRANKFURT-1-AD-1",
            "boot_volume_id": "ocid1.bootvolume.oc1.eu-frankfurt-1.abtheljrpkhb6kofh5uz2o27ohfphim5r3mvgrp4sxj6kykckpacwfitmvsa",
            "capacity_reservation_id": null,
            "cluster_placement_group_id": null,
            "compartment_id": "ocid1.compartment.oc1..aaaaaaaaylrxjxym6nuozploeoi6q7fsmgm2wjfmhtksvkzcyy7ou7qzgdja",
            "compute_cluster_id": null,
            "create_vnic_details": [
              {
                "assign_ipv6ip": false,
                "assign_private_dns_record": false,
                "assign_public_ip": "true",
                "defined_tags": {
                  "Oracle-Tags.CreatedBy": "oracleidentitycloudservice/jinho.jang@oracle.com",
                  "Oracle-Tags.CreatedOn": "2024-12-08T08:25:01.754Z"
                },
                "display_name": "db23cfree",
                "freeform_tags": {},
                "hostname_label": "",
                "ipv6address_ipv6subnet_cidr_pair_details": [],
                "nsg_ids": [],
                "private_ip": "10.0.0.89",
                "security_attributes": {},
                "skip_source_dest_check": false,
                "subnet_id": "ocid1.subnet.oc1.eu-frankfurt-1.aaaaaaaah7m6q5f2fyfoky5c4vhadexb7iquylfawpl7x5atgzmxbk44qayq",
                "vlan_id": ""
              }
            ],
            "dedicated_vm_host_id": null,
            "defined_tags": {
              "Oracle-Tags.CreatedBy": "oracleidentitycloudservice/jinho.jang@oracle.com",
              "Oracle-Tags.CreatedOn": "2024-12-08T08:25:01.600Z"
            },
            "display_name": "db23cfree",
            "extended_metadata": {},
            "fault_domain": "FAULT-DOMAIN-1",
            "freeform_tags": {},
            "hostname_label": "",
            "id": "ocid1.instance.oc1.eu-frankfurt-1.antheljrvsea7yicijge6dzdft3pmn3dxqb3exvzlc537rxymmnoihhohkza",
            "image": "ocid1.image.oc1.eu-frankfurt-1.aaaaaaaamcgmhtrrwsnum6ardettcyi7f73c4bg6svoshhgtnufkprqm2xyq",
            "instance_configuration_id": null,
            "instance_options": [
              {
                "are_legacy_imds_endpoints_disabled": false
              }
            ],
            "ipxe_script": null,
            "is_cross_numa_node": false,
            "is_pv_encryption_in_transit_enabled": null,
            "launch_mode": "PARAVIRTUALIZED",
            "launch_options": [
              {
                "boot_volume_type": "PARAVIRTUALIZED",
                "firmware": "UEFI_64",
                "is_consistent_volume_naming_enabled": true,
                "is_pv_encryption_in_transit_enabled": false,
                "network_type": "PARAVIRTUALIZED",
                "remote_data_volume_type": "PARAVIRTUALIZED"
              }
            ],
            "launch_volume_attachments": null,
            "metadata": {
              "ssh_authorized_keys": "ssh-rsa AAAAB3NzaC1yc2EAAAADAQABAAABAQC9o8hBMQWCIEAmR/JOGyqVOrT0PAa9HpuZ4dLslXeyzVha43l71WNPfiOwJjbq6s+++1NmXiaNEWfpwSPvXKYnRQsm/rQzR+AX0hKiKBb3/xSfCDyQqXfw63kU8t/lVdfbTjUzhU9DwCFCmLpmTuE6/zq0yiv6XFD5clrgnYntgAZst0Rg2wHdrNrogC5NppXmrn4/gTQw6il1Yue5XT6sdT5P8ZQqjERkIp69xPtio1mDfUv4WmeAu9/II7o06j4lz/eqvFa0ng4+sEwdfI2/v++utFrSLWJ4EFNpBpfwsG8ra13E62YDn6R0bdkDJRjnHAVBbIU4bOkx1dHc6lBp jinho_jang@025109fa72a2\n",
              "user_data": "IyEvYmluL2Jhc2gKCgpzb3VyY2Ugfi8uYmFzaHJjIAoKI0luc3RhbGwgbm9kZXJlZAplY2hvICIqKkluc3RhbGxpbmcgTk9ERVJFRCoqIgpzdWRvIHl1bSByZW1vdmUgbm9kZWpzIC15CmN1cmwgLW8tIGh0dHBzOi8vcmF3LmdpdGh1YnVzZXJjb250ZW50LmNvbS9udm0tc2gvbnZtL3YwLjM4LjAvaW5zdGFsbC5zaCB8IGJhc2gKc291cmNlIH4vLmJhc2hyYwpudm0gaW5zdGFsbCBub2RlCgpzdWRvIGRuZiBpbnN0YWxsIC15IG5wbQpzdWRvIG5wbSBpbnN0YWxsIC1nIC0tdW5zYWZlLXBlcm0gbm9kZS1yZWQKCgplY2hvICIqKmFkZGluZyBmaXJld2FsbCBydWxlcyoqIgoKc3VkbyBzeXN0ZW1jdGwgcmVzdGFydCBkYnVzCnN1ZG8gc3lzdGVtY3RsIHN0YXJ0IGZpcmV3YWxsZAoKc2xlZXAgMTUgCnN1ZG8gZmlyZXdhbGwtY21kIC0tem9uZT1wdWJsaWMgLS1hZGQtcG9ydD0xODgwL3RjcCAtLXBlcm1hbmVudApzdWRvIGZpcmV3YWxsLWNtZCAtLXpvbmU9cHVibGljIC0tYWRkLXBvcnQ9MTg4My90Y3AgLS1wZXJtYW5lbnQKCnN1ZG8gZmlyZXdhbGwtY21kIC0tcmVsb2FkCgoKCmVjaG8gIioqQWRkaW5nIG1vZHMgdG8gTm9kZVJlZCoqIgpzdWRvIG5wbSBpbnN0YWxsIC1nIC15IG5vZGUtcmVkLWNvbnRyaWItb3JhY2xlZGItbW9kCgoKCmVjaG8gIioqKiBpbnN0YWxsaW5nIGluc3RhbnQgY2xpZW50KioiCgpzdWRvIG5wbSBpbnN0YWxsIC1nIC15IG9yYWNsZWRiCgoKCgoKZWNobyAiKioqIGNyZWF0ZSB0aGUgc2VydmljZSAqKioiCgpzdWRvIG5wbSBpbnN0YWxsIC1nIHBtMgoKc2xlZXAgMTUKCgoKI3N0YXJ0IG5vZGVyZWQKCm5weCBwbTIgc3RhcnQgL3Vzci9sb2NhbC9iaW4vbm9kZS1yZWQgLS0gLXYgLS11aWQgb3BjIC0tZ2lkIG9wYwpzbGVlcCA1Cm5weCBwbTIgc3RhcnR1cCBzeXN0ZW1kCgoKCmVjaG8gIioqKiBpbnN0YWxsaW5nIG5vZGVyZWQgZmxvdyAqKiIKd2dldCBodHRwczovL3Jhdy5naXRodWJ1c2VyY29udGVudC5jb20vYmFkcjQyL25vZGVyZWRfTVFUVF9kYjIzYy9tYWluL2ltcG9ydF9ub2RlcmVkLnNoCmJhc2ggaW1wb3J0X25vZGVyZWQuc2gKCgoKCmVjaG8gIioqKiBpbnN0YWxsaW5nIE1RVFQgKioqIiAKd2dldCBodHRwczovL3Jhdy5naXRodWJ1c2VyY29udGVudC5jb20vYmFkcjQyL25vZGVyZWRfTVFUVF9kYjIzYy9tYWluL2luc3RhbGxNb3NxdWl0dG8uc2gKc3VkbyBjaG1vZCA3NzcgaW5zdGFsbE1vc3F1aXR0by5zaApzdWRvIGJhc2ggaW5zdGFsbE1vc3F1aXR0by5zaAoKZWNobyAiKioqIFN0YXJ0aW5nIHRoZSBTZXJ2aWNlICoqKiIgCnN1ZG8gc3lzdGVtY3RsIHN0YXJ0IG1vc3F1aXR0bwpzdWRvIHN5c3RlbWN0bCBlbmFibGUgbW9zcXVpdHRvCgoKZWNobyAiKioqKioqKioqKioqKioqIElOU1RBTExBVElPTiBDT01QTEVURSAqKioqKioqKioqKioqKioiCgo="
            },
            "platform_config": [],
            "preemptible_instance_config": [],
            "preserve_boot_volume": null,
            "preserve_data_volumes_created_at_launch": null,
            "private_ip": "10.0.0.89",
            "public_ip": "130.61.111.123",
            "region": "eu-frankfurt-1",
            "security_attributes": {},
            "security_attributes_state": "STABLE",
            "shape": "VM.Standard.E4.Flex",
            "shape_config": [
              {
                "baseline_ocpu_utilization": "",
                "gpu_description": "",
                "gpus": 0,
                "local_disk_description": "",
                "local_disks": 0,
                "local_disks_total_size_in_gbs": 0,
                "max_vnic_attachments": 2,
                "memory_in_gbs": 16,
                "networking_bandwidth_in_gbps": 1,
                "nvmes": 0,
                "ocpus": 1,
                "processor_description": "2.55 GHz AMD EPYC™ 7J13 (Milan)",
                "vcpus": 2
              }
            ],
            "source_details": [
              {
                "boot_volume_size_in_gbs": "50",
                "boot_volume_vpus_per_gb": "10",
                "instance_source_image_filter_details": [],
                "is_preserve_boot_volume_enabled": false,
                "kms_key_id": "",
                "source_id": "ocid1.image.oc1.eu-frankfurt-1.aaaaaaaamcgmhtrrwsnum6ardettcyi7f73c4bg6svoshhgtnufkprqm2xyq",
                "source_type": "image"
              }
            ],
            "state": "RUNNING",
            "subnet_id": "ocid1.subnet.oc1.eu-frankfurt-1.aaaaaaaah7m6q5f2fyfoky5c4vhadexb7iquylfawpl7x5atgzmxbk44qayq",
            "system_tags": {},
            "time_created": "2024-12-08 08:25:02.28 +0000 UTC",
            "time_maintenance_reboot_due": "",
            "timeouts": null,
            "update_operation_constraint": null
          },
          "sensitive_attributes": [],
          "private": "eyJlMmJmYjczMC1lY2FhLTExZTYtOGY4OC0zNDM2M2JjN2M0YzAiOnsiY3JlYXRlIjoyNzAwMDAwMDAwMDAwLCJkZWxldGUiOjQ1MDAwMDAwMDAwMDAsInVwZGF0ZSI6MjcwMDAwMDAwMDAwMH19",
          "dependencies": [
            "data.oci_core_images.images",
            "data.oci_identity_availability_domains.ADs",
            "oci_core_internet_gateway.internet_gateway",
            "oci_core_route_table.dbfree_route_table",
            "oci_core_security_list.dbfree_security_list",
            "oci_core_subnet.subnet",
            "oci_core_virtual_network.dbfree_vcn"
          ]
        }
      ]
    },
    {
      "mode": "managed",
      "type": "oci_core_internet_gateway",
      "name": "internet_gateway",
      "provider": "provider[\"registry.terraform.io/hashicorp/oci\"]",
      "instances": [
        {
          "schema_version": 0,
          "attributes": {
            "compartment_id": "ocid1.compartment.oc1..aaaaaaaaylrxjxym6nuozploeoi6q7fsmgm2wjfmhtksvkzcyy7ou7qzgdja",
            "defined_tags": {
              "Oracle-Tags.CreatedBy": "oracleidentitycloudservice/jinho.jang@oracle.com",
              "Oracle-Tags.CreatedOn": "2024-12-08T08:24:57.581Z"
            },
            "display_name": "dbfree-internet-gateway",
            "enabled": true,
            "freeform_tags": {},
            "id": "ocid1.internetgateway.oc1.eu-frankfurt-1.aaaaaaaa7adliuvva4ecyn7rcv3fmz3sqlgkp6ro6rmyecamdvrnqplesehq",
            "route_table_id": null,
            "state": "AVAILABLE",
            "time_created": "2024-12-08 08:24:57.633 +0000 UTC",
            "timeouts": null,
            "vcn_id": "ocid1.vcn.oc1.eu-frankfurt-1.amaaaaaavsea7yiauejl4xrigiaruh7omhz6bndldkat3g6l2jp4yz6t2jgq"
          },
          "sensitive_attributes": [],
          "private": "eyJlMmJmYjczMC1lY2FhLTExZTYtOGY4OC0zNDM2M2JjN2M0YzAiOnsiY3JlYXRlIjoxMjAwMDAwMDAwMDAwLCJkZWxldGUiOjEyMDAwMDAwMDAwMDAsInVwZGF0ZSI6MTIwMDAwMDAwMDAwMH19",
          "dependencies": [
            "oci_core_virtual_network.dbfree_vcn"
          ]
        }
      ]
    },
    {
      "mode": "managed",
      "type": "oci_core_route_table",
      "name": "dbfree_route_table",
      "provider": "provider[\"registry.terraform.io/hashicorp/oci\"]",
      "instances": [
        {
          "schema_version": 0,
          "attributes": {
            "compartment_id": "ocid1.compartment.oc1..aaaaaaaaylrxjxym6nuozploeoi6q7fsmgm2wjfmhtksvkzcyy7ou7qzgdja",
            "defined_tags": {
              "Oracle-Tags.CreatedBy": "oracleidentitycloudservice/jinho.jang@oracle.com",
              "Oracle-Tags.CreatedOn": "2024-12-08T08:24:58.194Z"
            },
            "display_name": "dbfree-route-table",
            "freeform_tags": {},
            "id": "ocid1.routetable.oc1.eu-frankfurt-1.aaaaaaaa3a5j2i2h5c6vx3tnewkptzvntf2grhwxumx4yeagru7slmpz6xfq",
            "route_rules": [
              {
                "cidr_block": "",
                "description": "",
                "destination": "0.0.0.0/0",
                "destination_type": "CIDR_BLOCK",
                "network_entity_id": "ocid1.internetgateway.oc1.eu-frankfurt-1.aaaaaaaa7adliuvva4ecyn7rcv3fmz3sqlgkp6ro6rmyecamdvrnqplesehq",
                "route_type": ""
              }
            ],
            "state": "AVAILABLE",
            "time_created": "2024-12-08 08:24:58.232 +0000 UTC",
            "timeouts": null,
            "vcn_id": "ocid1.vcn.oc1.eu-frankfurt-1.amaaaaaavsea7yiauejl4xrigiaruh7omhz6bndldkat3g6l2jp4yz6t2jgq"
          },
          "sensitive_attributes": [],
          "private": "eyJlMmJmYjczMC1lY2FhLTExZTYtOGY4OC0zNDM2M2JjN2M0YzAiOnsiY3JlYXRlIjoxMjAwMDAwMDAwMDAwLCJkZWxldGUiOjEyMDAwMDAwMDAwMDAsInVwZGF0ZSI6MTIwMDAwMDAwMDAwMH19",
          "dependencies": [
            "oci_core_internet_gateway.internet_gateway",
            "oci_core_virtual_network.dbfree_vcn"
          ]
        }
      ]
    },
    {
      "mode": "managed",
      "type": "oci_core_security_list",
      "name": "dbfree_security_list",
      "provider": "provider[\"registry.terraform.io/hashicorp/oci\"]",
      "instances": [
        {
          "schema_version": 0,
          "attributes": {
            "compartment_id": "ocid1.compartment.oc1..aaaaaaaaylrxjxym6nuozploeoi6q7fsmgm2wjfmhtksvkzcyy7ou7qzgdja",
            "defined_tags": {
              "Oracle-Tags.CreatedBy": "oracleidentitycloudservice/jinho.jang@oracle.com",
              "Oracle-Tags.CreatedOn": "2024-12-08T08:24:57.879Z"
            },
            "display_name": "dbfree-security-list",
            "egress_security_rules": [
              {
                "description": "Allow all outbound traffic",
                "destination": "0.0.0.0/0",
                "destination_type": "CIDR_BLOCK",
                "icmp_options": [],
                "protocol": "all",
                "stateless": false,
                "tcp_options": [],
                "udp_options": []
              }
            ],
            "freeform_tags": {},
            "id": "ocid1.securitylist.oc1.eu-frankfurt-1.aaaaaaaate3tzgovuwydgehqmmkcruddslex2d5ddc4jezmhxw5knilvof5q",
            "ingress_security_rules": [
              {
                "description": "Allow all inbound traffic",
                "icmp_options": [],
                "protocol": "all",
                "source": "0.0.0.0/0",
                "source_type": "CIDR_BLOCK",
                "stateless": false,
                "tcp_options": [],
                "udp_options": []
              },
              {
                "description": "Allow ssh",
                "icmp_options": [],
                "protocol": "6",
                "source": "0.0.0.0/0",
                "source_type": "CIDR_BLOCK",
                "stateless": false,
                "tcp_options": [
                  {
                    "max": 22,
                    "min": 22,
                    "source_port_range": []
                  }
                ],
                "udp_options": []
              }
            ],
            "state": "AVAILABLE",
            "time_created": "2024-12-08 08:24:57.942 +0000 UTC",
            "timeouts": null,
            "vcn_id": "ocid1.vcn.oc1.eu-frankfurt-1.amaaaaaavsea7yiauejl4xrigiaruh7omhz6bndldkat3g6l2jp4yz6t2jgq"
          },
          "sensitive_attributes": [],
          "private": "eyJlMmJmYjczMC1lY2FhLTExZTYtOGY4OC0zNDM2M2JjN2M0YzAiOnsiY3JlYXRlIjoxMjAwMDAwMDAwMDAwLCJkZWxldGUiOjEyMDAwMDAwMDAwMDAsInVwZGF0ZSI6MTIwMDAwMDAwMDAwMH19",
          "dependencies": [
            "oci_core_virtual_network.dbfree_vcn"
          ]
        }
      ]
    },
    {
      "mode": "managed",
      "type": "oci_core_subnet",
      "name": "subnet",
      "provider": "provider[\"registry.terraform.io/hashicorp/oci\"]",
      "instances": [
        {
          "schema_version": 0,
          "attributes": {
            "availability_domain": null,
            "cidr_block": "10.0.0.0/24",
            "compartment_id": "ocid1.compartment.oc1..aaaaaaaaylrxjxym6nuozploeoi6q7fsmgm2wjfmhtksvkzcyy7ou7qzgdja",
            "defined_tags": {
              "Oracle-Tags.CreatedBy": "oracleidentitycloudservice/jinho.jang@oracle.com",
              "Oracle-Tags.CreatedOn": "2024-12-08T08:24:58.775Z"
            },
            "dhcp_options_id": "ocid1.dhcpoptions.oc1.eu-frankfurt-1.aaaaaaaaos3n7kf5g6mgyhtkdyf5t455ip7x35nmw27s4tmnuxgj5pg4n3za",
            "display_name": "dbfree-subnet",
            "dns_label": null,
            "freeform_tags": {},
            "id": "ocid1.subnet.oc1.eu-frankfurt-1.aaaaaaaah7m6q5f2fyfoky5c4vhadexb7iquylfawpl7x5atgzmxbk44qayq",
            "ipv6cidr_block": null,
            "ipv6cidr_blocks": [],
            "ipv6virtual_router_ip": null,
            "prohibit_internet_ingress": false,
            "prohibit_public_ip_on_vnic": false,
            "route_table_id": "ocid1.routetable.oc1.eu-frankfurt-1.aaaaaaaa3a5j2i2h5c6vx3tnewkptzvntf2grhwxumx4yeagru7slmpz6xfq",
            "security_list_ids": [
              "ocid1.securitylist.oc1.eu-frankfurt-1.aaaaaaaate3tzgovuwydgehqmmkcruddslex2d5ddc4jezmhxw5knilvof5q"
            ],
            "state": "AVAILABLE",
            "subnet_domain_name": null,
            "time_created": "2024-12-08 08:24:58.866 +0000 UTC",
            "timeouts": null,
            "vcn_id": "ocid1.vcn.oc1.eu-frankfurt-1.amaaaaaavsea7yiauejl4xrigiaruh7omhz6bndldkat3g6l2jp4yz6t2jgq",
            "virtual_router_ip": "10.0.0.1",
            "virtual_router_mac": "00:00:17:43:D7:A0"
          },
          "sensitive_attributes": [],
          "private": "eyJlMmJmYjczMC1lY2FhLTExZTYtOGY4OC0zNDM2M2JjN2M0YzAiOnsiY3JlYXRlIjoxMjAwMDAwMDAwMDAwLCJkZWxldGUiOjEyMDAwMDAwMDAwMDAsInVwZGF0ZSI6MTIwMDAwMDAwMDAwMH19",
          "dependencies": [
            "oci_core_internet_gateway.internet_gateway",
            "oci_core_route_table.dbfree_route_table",
            "oci_core_security_list.dbfree_security_list",
            "oci_core_virtual_network.dbfree_vcn"
          ]
        }
      ]
    },
    {
      "mode": "managed",
      "type": "oci_core_virtual_network",
      "name": "dbfree_vcn",
      "provider": "provider[\"registry.terraform.io/hashicorp/oci\"]",
      "instances": [
        {
          "schema_version": 0,
          "attributes": {
            "byoipv6cidr_blocks": [],
            "byoipv6cidr_details": null,
            "cidr_block": "10.0.0.0/16",
            "cidr_blocks": [
              "10.0.0.0/16"
            ],
            "compartment_id": "ocid1.compartment.oc1..aaaaaaaaylrxjxym6nuozploeoi6q7fsmgm2wjfmhtksvkzcyy7ou7qzgdja",
            "default_dhcp_options_id": "ocid1.dhcpoptions.oc1.eu-frankfurt-1.aaaaaaaaos3n7kf5g6mgyhtkdyf5t455ip7x35nmw27s4tmnuxgj5pg4n3za",
            "default_route_table_id": "ocid1.routetable.oc1.eu-frankfurt-1.aaaaaaaarpkwm4fhad27sr4sshcmn5mltkzxg7llzirit3swcw7kobagfdlq",
            "default_security_list_id": "ocid1.securitylist.oc1.eu-frankfurt-1.aaaaaaaazsn45alxr423fyykgpv7ev7ec4sinnlkvndw5uhufxhgtvqs5w5a",
            "defined_tags": {
              "Oracle-Tags.CreatedBy": "oracleidentitycloudservice/jinho.jang@oracle.com",
              "Oracle-Tags.CreatedOn": "2024-12-08T08:24:56.763Z"
            },
            "display_name": "dbfree-vcn",
            "dns_label": null,
            "freeform_tags": {},
            "id": "ocid1.vcn.oc1.eu-frankfurt-1.amaaaaaavsea7yiauejl4xrigiaruh7omhz6bndldkat3g6l2jp4yz6t2jgq",
            "ipv6cidr_blocks": [],
            "ipv6private_cidr_blocks": [],
            "is_ipv6enabled": false,
            "is_oracle_gua_allocation_enabled": null,
            "security_attributes": {},
            "state": "AVAILABLE",
            "time_created": "2024-12-08 08:24:56.88 +0000 UTC",
            "timeouts": null,
            "vcn_domain_name": null
          },
          "sensitive_attributes": [],
          "private": "eyJlMmJmYjczMC1lY2FhLTExZTYtOGY4OC0zNDM2M2JjN2M0YzAiOnsiY3JlYXRlIjoxMjAwMDAwMDAwMDAwLCJkZWxldGUiOjEyMDAwMDAwMDAwMDAsInVwZGF0ZSI6MTIwMDAwMDAwMDAwMH19"
        }
      ]
    }
  ],
  "check_results": null
}
